
Microsoft Visual Studio Solution File, Format Version 12.00
# Visual Studio Version 17
VisualStudioVersion = 17.1.32210.238
MinimumVisualStudioVersion = 10.0.40219.1
Project("{9A19103F-16F7-4668-BE54-9A1E7A4F7556}") = "Tap.Solid", "Tap.Solid\Tap.Solid.csproj", "{A0258771-D424-4E9B-BA62-3512D00BCBF0}"
EndProject
Project("{2150E333-8FDC-42A3-9474-1A3956D46DE8}") = "01 SRP", "01 SRP", "{0937A566-C5F0-4847-85F5-42AEE45B9384}"
EndProject
Project("{2150E333-8FDC-42A3-9474-1A3956D46DE8}") = "02 OCP", "02 OCP", "{E5E67A79-B5C8-4694-B619-668ACE1E1944}"
EndProject
Project("{2150E333-8FDC-42A3-9474-1A3956D46DE8}") = "03 LSP", "03 LSP", "{C84808E1-A3E9-4A26-AF23-6DD1436F1906}"
EndProject
Project("{2150E333-8FDC-42A3-9474-1A3956D46DE8}") = "04 ISP", "04 ISP", "{CD530E51-58DE-4A22-AE57-65F3E93C92ED}"
EndProject
Project("{2150E333-8FDC-42A3-9474-1A3956D46DE8}") = "05 DIP", "05 DIP", "{1189C5DF-3DF1-44A1-B37B-C5107C6CB9C6}"
EndProject
Project("{9A19103F-16F7-4668-BE54-9A1E7A4F7556}") = "Tap.Solid.Srp", "Tap.Solid.Srp\Tap.Solid.Srp.csproj", "{EF7DF22E-839F-4F71-9A2F-F8ADA65F4733}"
EndProject
Project("{9A19103F-16F7-4668-BE54-9A1E7A4F7556}") = "Tap.Solid.Ocp", "Tap.Solid.Ocp\Tap.Solid.Ocp.csproj", "{C0C43148-5E62-40BD-9CD3-95C0DF2BB7E9}"
EndProject
Project("{FAE04EC0-301F-11D3-BF4B-00C04F79EFBC}") = "Tap.Solid.Lsp", "Tap.Solid.Lsp\Tap.Solid.Lsp.csproj", "{44A8072E-00AC-4831-ADBB-4C77F4258D9A}"
EndProject
Project("{FAE04EC0-301F-11D3-BF4B-00C04F79EFBC}") = "Tap.Solid.Isp", "Tap.Solid.Isp\Tap.Solid.Isp.csproj", "{E7FB5624-7B81-44EF-9520-2239CF650D1F}"
EndProject
Project("{FAE04EC0-301F-11D3-BF4B-00C04F79EFBC}") = "Tap.Solid.Dip", "Tap.Solid.Dip\Tap.Solid.Dip.csproj", "{B67C808E-0B53-4677-98FD-936323F56435}"
EndProject
Global
	GlobalSection(SolutionConfigurationPlatforms) = preSolution
		Debug|Any CPU = Debug|Any CPU
		Release|Any CPU = Release|Any CPU
	EndGlobalSection
	GlobalSection(ProjectConfigurationPlatforms) = postSolution
		{A0258771-D424-4E9B-BA62-3512D00BCBF0}.Debug|Any CPU.ActiveCfg = Debug|Any CPU
		{A0258771-D424-4E9B-BA62-3512D00BCBF0}.Debug|Any CPU.Build.0 = Debug|Any CPU
		{A0258771-D424-4E9B-BA62-3512D00BCBF0}.Release|Any CPU.ActiveCfg = Release|Any CPU
		{A0258771-D424-4E9B-BA62-3512D00BCBF0}.Release|Any CPU.Build.0 = Release|Any CPU
		{EF7DF22E-839F-4F71-9A2F-F8ADA65F4733}.Debug|Any CPU.ActiveCfg = Debug|Any CPU
		{EF7DF22E-839F-4F71-9A2F-F8ADA65F4733}.Debug|Any CPU.Build.0 = Debug|Any CPU
		{EF7DF22E-839F-4F71-9A2F-F8ADA65F4733}.Release|Any CPU.ActiveCfg = Release|Any CPU
		{EF7DF22E-839F-4F71-9A2F-F8ADA65F4733}.Release|Any CPU.Build.0 = Release|Any CPU
		{C0C43148-5E62-40BD-9CD3-95C0DF2BB7E9}.Debug|Any CPU.ActiveCfg = Debug|Any CPU
		{C0C43148-5E62-40BD-9CD3-95C0DF2BB7E9}.Debug|Any CPU.Build.0 = Debug|Any CPU
		{C0C43148-5E62-40BD-9CD3-95C0DF2BB7E9}.Release|Any CPU.ActiveCfg = Release|Any CPU
		{C0C43148-5E62-40BD-9CD3-95C0DF2BB7E9}.Release|Any CPU.Build.0 = Release|Any CPU
		{44A8072E-00AC-4831-ADBB-4C77F4258D9A}.Debug|Any CPU.ActiveCfg = Debug|Any CPU
		{44A8072E-00AC-4831-ADBB-4C77F4258D9A}.Debug|Any CPU.Build.0 = Debug|Any CPU
		{44A8072E-00AC-4831-ADBB-4C77F4258D9A}.Release|Any CPU.ActiveCfg = Release|Any CPU
		{44A8072E-00AC-4831-ADBB-4C77F4258D9A}.Release|Any CPU.Build.0 = Release|Any CPU
		{E7FB5624-7B81-44EF-9520-2239CF650D1F}.Debug|Any CPU.ActiveCfg = Debug|Any CPU
		{E7FB5624-7B81-44EF-9520-2239CF650D1F}.Debug|Any CPU.Build.0 = Debug|Any CPU
		{E7FB5624-7B81-44EF-9520-2239CF650D1F}.Release|Any CPU.ActiveCfg = Release|Any CPU
		{E7FB5624-7B81-44EF-9520-2239CF650D1F}.Release|Any CPU.Build.0 = Release|Any CPU
		{B67C808E-0B53-4677-98FD-936323F56435}.Debug|Any CPU.ActiveCfg = Debug|Any CPU
		{B67C808E-0B53-4677-98FD-936323F56435}.Debug|Any CPU.Build.0 = Debug|Any CPU
		{B67C808E-0B53-4677-98FD-936323F56435}.Release|Any CPU.ActiveCfg = Release|Any CPU
		{B67C808E-0B53-4677-98FD-936323F56435}.Release|Any CPU.Build.0 = Release|Any CPU
	EndGlobalSection
	GlobalSection(SolutionProperties) = preSolution
		HideSolutionNode = FALSE
	EndGlobalSection
	GlobalSection(NestedProjects) = preSolution
		{EF7DF22E-839F-4F71-9A2F-F8ADA65F4733} = {0937A566-C5F0-4847-85F5-42AEE45B9384}
		{C0C43148-5E62-40BD-9CD3-95C0DF2BB7E9} = {E5E67A79-B5C8-4694-B619-668ACE1E1944}
		{44A8072E-00AC-4831-ADBB-4C77F4258D9A} = {C84808E1-A3E9-4A26-AF23-6DD1436F1906}
		{E7FB5624-7B81-44EF-9520-2239CF650D1F} = {CD530E51-58DE-4A22-AE57-65F3E93C92ED}
		{B67C808E-0B53-4677-98FD-936323F56435} = {1189C5DF-3DF1-44A1-B37B-C5107C6CB9C6}
	EndGlobalSection
	GlobalSection(ExtensibilityGlobals) = postSolution
		SolutionGuid = {D259162C-F1EB-47A5-B3E3-5DCA0BECA9EB}
	EndGlobalSection
EndGlobal
